Microsoft Visual Studio Solution File, Format Version 12.00
# Visual Studio 15
VisualStudioVersion = 15.0.26228.4
MinimumVisualStudioVersion = 10.0.40219.1
Project("{FAE04EC0-301F-11D3-BF4B-00C04F79EFBC}") = "ElCamino.AspNetCore.Identity.AzureTable", "src\ElCamino.AspNetCore.Identity.AzureTable\ElCamino.AspNetCore.Identity.AzureTable.csproj", "{5FBD2375-18B4-426A-A875-7D99521A4DD0}"
EndProject
Project("{FAE04EC0-301F-11D3-BF4B-00C04F79EFBC}") = "ElCamino.AspNetCore.Identity.AzureTable.Tests", "tests\ElCamino.AspNetCore.Identity.AzureTable.Tests\ElCamino.AspNetCore.Identity.AzureTable.Tests.csproj", "{B97DCC75-93CD-41C7-B7BE-D8DA6EA3C468}"
EndProject
Project("{FAE04EC0-301F-11D3-BF4B-00C04F79EFBC}") = "ElCamino.Identity.AzureTable.DataUtility", "src\ElCamino.Identity.AzureTable.DataUtility\ElCamino.Identity.AzureTable.DataUtility.csproj", "{56BB5104-E5F7-49BD-A5E9-25B818197F28}"
EndProject
Global
	GlobalSection(SolutionConfigurationPlatforms) = preSolution
		Debug|Any CPU = Debug|Any CPU
		Release|Any CPU = Release|Any CPU
		Signed|Any CPU = Signed|Any CPU
	EndGlobalSection
	GlobalSection(ProjectConfigurationPlatforms) = postSolution
		{5FBD2375-18B4-426A-A875-7D99521A4DD0}.Debug|Any CPU.ActiveCfg = Debug|Any CPU
		{5FBD2375-18B4-426A-A875-7D99521A4DD0}.Debug|Any CPU.Build.0 = Debug|Any CPU
		{5FBD2375-18B4-426A-A875-7D99521A4DD0}.Release|Any CPU.ActiveCfg = Release|Any CPU
		{5FBD2375-18B4-426A-A875-7D99521A4DD0}.Release|Any CPU.Build.0 = Release|Any CPU
		{5FBD2375-18B4-426A-A875-7D99521A4DD0}.Signed|Any CPU.ActiveCfg = Release|Any CPU
		{5FBD2375-18B4-426A-A875-7D99521A4DD0}.Signed|Any CPU.Build.0 = Release|Any CPU
		{B97DCC75-93CD-41C7-B7BE-D8DA6EA3C468}.Debug|Any CPU.ActiveCfg = Debug|Any CPU
		{B97DCC75-93CD-41C7-B7BE-D8DA6EA3C468}.Debug|Any CPU.Build.0 = Debug|Any CPU
		{B97DCC75-93CD-41C7-B7BE-D8DA6EA3C468}.Release|Any CPU.ActiveCfg = Release|Any CPU
		{B97DCC75-93CD-41C7-B7BE-D8DA6EA3C468}.Release|Any CPU.Build.0 = Release|Any CPU
		{B97DCC75-93CD-41C7-B7BE-D8DA6EA3C468}.Signed|Any CPU.ActiveCfg = Release|Any CPU
		{B97DCC75-93CD-41C7-B7BE-D8DA6EA3C468}.Signed|Any CPU.Build.0 = Release|Any CPU
		{56BB5104-E5F7-49BD-A5E9-25B818197F28}.Debug|Any CPU.ActiveCfg = Debug|Any CPU
		{56BB5104-E5F7-49BD-A5E9-25B818197F28}.Debug|Any CPU.Build.0 = Debug|Any CPU
		{56BB5104-E5F7-49BD-A5E9-25B818197F28}.Release|Any CPU.ActiveCfg = Release|Any CPU
		{56BB5104-E5F7-49BD-A5E9-25B818197F28}.Release|Any CPU.Build.0 = Release|Any CPU
		{56BB5104-E5F7-49BD-A5E9-25B818197F28}.Signed|Any CPU.ActiveCfg = Release|Any CPU
		{56BB5104-E5F7-49BD-A5E9-25B818197F28}.Signed|Any CPU.Build.0 = Release|Any CPU
	EndGlobalSection
	GlobalSection(SolutionProperties) = preSolution
		HideSolutionNode = FALSE
	EndGlobalSection
EndGlobal
