
Microsoft Visual Studio Solution File, Format Version 12.00
# Visual Studio 14
VisualStudioVersion = 14.0.25420.1
MinimumVisualStudioVersion = 10.0.40219.1
Project("{2150E333-8FDC-42A3-9474-1A3956D46DE8}") = "Solution Items", "Solution Items", "{AAD16B60-811E-47BB-A0E0-1B24733B2A06}"
	ProjectSection(SolutionItems) = preProject
		src\ElCamino.AspNet.Identity.AzureTable\ElCamino.AspNet.Identity.AzureTable.nuspec = src\ElCamino.AspNet.Identity.AzureTable\ElCamino.AspNet.Identity.AzureTable.nuspec
		NuGet.config = NuGet.config
	EndProjectSection
EndProject
Project("{FAE04EC0-301F-11D3-BF4B-00C04F79EFBC}") = "ElCamino.AspNet.Identity.AzureTable.Tests", "tests\ElCamino.AspNet.Identity.AzureTable.Tests\ElCamino.AspNet.Identity.AzureTable.Tests.csproj", "{9AE1AD32-39E4-4EF5-9463-FDA0089BB0FD}"
EndProject
Project("{FAE04EC0-301F-11D3-BF4B-00C04F79EFBC}") = "ElCamino.AspNet.Identity.AzureTable", "src\ElCamino.AspNet.Identity.AzureTable\ElCamino.AspNet.Identity.AzureTable.csproj", "{FC2B604C-548E-4981-876B-F3C4D1C3987B}"
EndProject
Global
	GlobalSection(SolutionConfigurationPlatforms) = preSolution
		Debug|Any CPU = Debug|Any CPU
		Release|Any CPU = Release|Any CPU
		Signed|Any CPU = Signed|Any CPU
	EndGlobalSection
	GlobalSection(ProjectConfigurationPlatforms) = postSolution
		{9AE1AD32-39E4-4EF5-9463-FDA0089BB0FD}.Debug|Any CPU.ActiveCfg = Debug|Any CPU
		{9AE1AD32-39E4-4EF5-9463-FDA0089BB0FD}.Debug|Any CPU.Build.0 = Debug|Any CPU
		{9AE1AD32-39E4-4EF5-9463-FDA0089BB0FD}.Release|Any CPU.ActiveCfg = Release|Any CPU
		{9AE1AD32-39E4-4EF5-9463-FDA0089BB0FD}.Release|Any CPU.Build.0 = Release|Any CPU
		{9AE1AD32-39E4-4EF5-9463-FDA0089BB0FD}.Signed|Any CPU.ActiveCfg = Signed|Any CPU
		{9AE1AD32-39E4-4EF5-9463-FDA0089BB0FD}.Signed|Any CPU.Build.0 = Signed|Any CPU
		{FC2B604C-548E-4981-876B-F3C4D1C3987B}.Debug|Any CPU.ActiveCfg = Debug|Any CPU
		{FC2B604C-548E-4981-876B-F3C4D1C3987B}.Debug|Any CPU.Build.0 = Debug|Any CPU
		{FC2B604C-548E-4981-876B-F3C4D1C3987B}.Release|Any CPU.ActiveCfg = Release|Any CPU
		{FC2B604C-548E-4981-876B-F3C4D1C3987B}.Release|Any CPU.Build.0 = Release|Any CPU
		{FC2B604C-548E-4981-876B-F3C4D1C3987B}.Signed|Any CPU.ActiveCfg = Signed|Any CPU
		{FC2B604C-548E-4981-876B-F3C4D1C3987B}.Signed|Any CPU.Build.0 = Signed|Any CPU
	EndGlobalSection
	GlobalSection(SolutionProperties) = preSolution
		HideSolutionNode = FALSE
	EndGlobalSection
	GlobalSection(TeamFoundationVersionControl) = preSolution
		SccNumberOfProjects = 2
		SccEnterpriseProvider = {4CA58AB2-18FA-4F8D-95D4-32DDF27D184C}
		SccTeamFoundationServer = https://tfs.codeplex.com/tfs/tfs33
		SccProjectUniqueName0 = tests\\ElCamino.AspNet.Identity.AzureTable.Tests\\ElCamino.AspNet.Identity.AzureTable.Tests.csproj
		SccProjectName0 = tests/ElCamino.AspNet.Identity.AzureTable.Tests
		SccAuxPath0 = https://tfs.codeplex.com/tfs/tfs33
		SccLocalPath0 = tests\\ElCamino.AspNet.Identity.AzureTable.Tests
		SccProvider0 = {4CA58AB2-18FA-4F8D-95D4-32DDF27D184C}
		SccProjectUniqueName1 = src\\ElCamino.AspNet.Identity.AzureTable\\ElCamino.AspNet.Identity.AzureTable.csproj
		SccProjectName1 = src/ElCamino.AspNet.Identity.AzureTable
		SccAuxPath1 = https://tfs.codeplex.com/tfs/tfs33
		SccLocalPath1 = src\\ElCamino.AspNet.Identity.AzureTable
		SccProvider1 = {4CA58AB2-18FA-4F8D-95D4-32DDF27D184C}
	EndGlobalSection
EndGlobal
