Microsoft Visual Studio Solution File, Format Version 12.00
# Visual Studio Version 17
VisualStudioVersion = 17.0.32112.339
MinimumVisualStudioVersion = 10.0.40219.1
Project("{9A19103F-16F7-4668-BE54-9A1E7A4F7556}") = "ElCamino.AspNetCore.Identity.AzureTable", "src\ElCamino.AspNetCore.Identity.AzureTable\ElCamino.AspNetCore.Identity.AzureTable.csproj", "{5FBD2375-18B4-426A-A875-7D99521A4DD0}"
EndProject
Project("{9A19103F-16F7-4668-BE54-9A1E7A4F7556}") = "ElCamino.AspNetCore.Identity.AzureTable.Tests", "tests\ElCamino.AspNetCore.Identity.AzureTable.Tests\ElCamino.AspNetCore.Identity.AzureTable.Tests.csproj", "{B97DCC75-93CD-41C7-B7BE-D8DA6EA3C468}"
EndProject
Project("{9A19103F-16F7-4668-BE54-9A1E7A4F7556}") = "ElCamino.Identity.AzureTable.DataUtility", "src\ElCamino.Identity.AzureTable.DataUtility\ElCamino.Identity.AzureTable.DataUtility.csproj", "{56BB5104-E5F7-49BD-A5E9-25B818197F28}"
EndProject
Project("{2150E333-8FDC-42A3-9474-1A3956D46DE8}") = "Solution Items", "Solution Items", "{EF35BCF8-88F2-4DDD-AD83-B2A095393CE4}"
	ProjectSection(SolutionItems) = preProject
		.editorconfig = .editorconfig
		azure-pipelines.yml = azure-pipelines.yml
		LICENSE = LICENSE
		ModelClasses.dgml = ModelClasses.dgml
		README.md = README.md
		StoreClasses.dgml = StoreClasses.dgml
	EndProjectSection
EndProject
Project("{9A19103F-16F7-4668-BE54-9A1E7A4F7556}") = "ElCamino.AspNetCore.Identity.AzureTable.Templates", "templates\ElCamino.AspNetCore.Identity.AzureTable.Templates.csproj", "{F8EBDAC0-0F00-4EED-99B4-6F7FF234CCBB}"
EndProject
Project("{9A19103F-16F7-4668-BE54-9A1E7A4F7556}") = "ElCamino.AspNetCore.Identity.AzureTable.Model", "src\ElCamino.AspNetCore.Identity.AzureTable.Model\ElCamino.AspNetCore.Identity.AzureTable.Model.csproj", "{C90FB0E3-5BE2-41E7-9DA3-9083C7700F91}"
EndProject
Project("{9A19103F-16F7-4668-BE54-9A1E7A4F7556}") = "ElCamino.Azure.Data.Tables", "src\ElCamino.Azure.Data.Tables\ElCamino.Azure.Data.Tables.csproj", "{DAF57676-8534-4A62-BC7B-317753F2A275}"
EndProject
Project("{9A19103F-16F7-4668-BE54-9A1E7A4F7556}") = "ElCamino.Azure.Data.Tables.Tests", "tests\ElCamino.Azure.Data.Tables.Tests\ElCamino.Azure.Data.Tables.Tests.csproj", "{7A71EC75-781D-42AB-BDF0-C2B6D4EF2B10}"
EndProject
Global
	GlobalSection(SolutionConfigurationPlatforms) = preSolution
		Debug|Any CPU = Debug|Any CPU
		Release|Any CPU = Release|Any CPU
		Signed|Any CPU = Signed|Any CPU
	EndGlobalSection
	GlobalSection(ProjectConfigurationPlatforms) = postSolution
		{5FBD2375-18B4-426A-A875-7D99521A4DD0}.Debug|Any CPU.ActiveCfg = Debug|Any CPU
		{5FBD2375-18B4-426A-A875-7D99521A4DD0}.Debug|Any CPU.Build.0 = Debug|Any CPU
		{5FBD2375-18B4-426A-A875-7D99521A4DD0}.Release|Any CPU.ActiveCfg = Release|Any CPU
		{5FBD2375-18B4-426A-A875-7D99521A4DD0}.Release|Any CPU.Build.0 = Release|Any CPU
		{5FBD2375-18B4-426A-A875-7D99521A4DD0}.Signed|Any CPU.ActiveCfg = Release|Any CPU
		{5FBD2375-18B4-426A-A875-7D99521A4DD0}.Signed|Any CPU.Build.0 = Release|Any CPU
		{B97DCC75-93CD-41C7-B7BE-D8DA6EA3C468}.Debug|Any CPU.ActiveCfg = Debug|Any CPU
		{B97DCC75-93CD-41C7-B7BE-D8DA6EA3C468}.Debug|Any CPU.Build.0 = Debug|Any CPU
		{B97DCC75-93CD-41C7-B7BE-D8DA6EA3C468}.Release|Any CPU.ActiveCfg = Release|Any CPU
		{B97DCC75-93CD-41C7-B7BE-D8DA6EA3C468}.Release|Any CPU.Build.0 = Release|Any CPU
		{B97DCC75-93CD-41C7-B7BE-D8DA6EA3C468}.Signed|Any CPU.ActiveCfg = Release|Any CPU
		{B97DCC75-93CD-41C7-B7BE-D8DA6EA3C468}.Signed|Any CPU.Build.0 = Release|Any CPU
		{56BB5104-E5F7-49BD-A5E9-25B818197F28}.Debug|Any CPU.ActiveCfg = Debug|Any CPU
		{56BB5104-E5F7-49BD-A5E9-25B818197F28}.Debug|Any CPU.Build.0 = Debug|Any CPU
		{56BB5104-E5F7-49BD-A5E9-25B818197F28}.Release|Any CPU.ActiveCfg = Release|Any CPU
		{56BB5104-E5F7-49BD-A5E9-25B818197F28}.Release|Any CPU.Build.0 = Release|Any CPU
		{56BB5104-E5F7-49BD-A5E9-25B818197F28}.Signed|Any CPU.ActiveCfg = Release|Any CPU
		{56BB5104-E5F7-49BD-A5E9-25B818197F28}.Signed|Any CPU.Build.0 = Release|Any CPU
		{F8EBDAC0-0F00-4EED-99B4-6F7FF234CCBB}.Debug|Any CPU.ActiveCfg = Debug|Any CPU
		{F8EBDAC0-0F00-4EED-99B4-6F7FF234CCBB}.Debug|Any CPU.Build.0 = Debug|Any CPU
		{F8EBDAC0-0F00-4EED-99B4-6F7FF234CCBB}.Release|Any CPU.ActiveCfg = Release|Any CPU
		{F8EBDAC0-0F00-4EED-99B4-6F7FF234CCBB}.Release|Any CPU.Build.0 = Release|Any CPU
		{F8EBDAC0-0F00-4EED-99B4-6F7FF234CCBB}.Signed|Any CPU.ActiveCfg = Release|Any CPU
		{F8EBDAC0-0F00-4EED-99B4-6F7FF234CCBB}.Signed|Any CPU.Build.0 = Release|Any CPU
		{C90FB0E3-5BE2-41E7-9DA3-9083C7700F91}.Debug|Any CPU.ActiveCfg = Debug|Any CPU
		{C90FB0E3-5BE2-41E7-9DA3-9083C7700F91}.Debug|Any CPU.Build.0 = Debug|Any CPU
		{C90FB0E3-5BE2-41E7-9DA3-9083C7700F91}.Release|Any CPU.ActiveCfg = Release|Any CPU
		{C90FB0E3-5BE2-41E7-9DA3-9083C7700F91}.Release|Any CPU.Build.0 = Release|Any CPU
		{C90FB0E3-5BE2-41E7-9DA3-9083C7700F91}.Signed|Any CPU.ActiveCfg = Debug|Any CPU
		{C90FB0E3-5BE2-41E7-9DA3-9083C7700F91}.Signed|Any CPU.Build.0 = Debug|Any CPU
		{DAF57676-8534-4A62-BC7B-317753F2A275}.Debug|Any CPU.ActiveCfg = Debug|Any CPU
		{DAF57676-8534-4A62-BC7B-317753F2A275}.Debug|Any CPU.Build.0 = Debug|Any CPU
		{DAF57676-8534-4A62-BC7B-317753F2A275}.Release|Any CPU.ActiveCfg = Release|Any CPU
		{DAF57676-8534-4A62-BC7B-317753F2A275}.Release|Any CPU.Build.0 = Release|Any CPU
		{DAF57676-8534-4A62-BC7B-317753F2A275}.Signed|Any CPU.ActiveCfg = Debug|Any CPU
		{DAF57676-8534-4A62-BC7B-317753F2A275}.Signed|Any CPU.Build.0 = Debug|Any CPU
		{7A71EC75-781D-42AB-BDF0-C2B6D4EF2B10}.Debug|Any CPU.ActiveCfg = Debug|Any CPU
		{7A71EC75-781D-42AB-BDF0-C2B6D4EF2B10}.Debug|Any CPU.Build.0 = Debug|Any CPU
		{7A71EC75-781D-42AB-BDF0-C2B6D4EF2B10}.Release|Any CPU.ActiveCfg = Release|Any CPU
		{7A71EC75-781D-42AB-BDF0-C2B6D4EF2B10}.Release|Any CPU.Build.0 = Release|Any CPU
		{7A71EC75-781D-42AB-BDF0-C2B6D4EF2B10}.Signed|Any CPU.ActiveCfg = Debug|Any CPU
		{7A71EC75-781D-42AB-BDF0-C2B6D4EF2B10}.Signed|Any CPU.Build.0 = Debug|Any CPU
	EndGlobalSection
	GlobalSection(SolutionProperties) = preSolution
		HideSolutionNode = FALSE
	EndGlobalSection
	GlobalSection(ExtensibilityGlobals) = postSolution
		SolutionGuid = {4D0D5C8A-8A12-4507-98B5-A03F69C5EA67}
	EndGlobalSection
EndGlobal
