
Microsoft Visual Studio Solution File, Format Version 12.00
# Visual Studio Version 17
VisualStudioVersion = 17.0.32112.339
MinimumVisualStudioVersion = 10.0.40219.1
Project("{FAE04EC0-301F-11D3-BF4B-00C04F79EFBC}") = "samplemvccore", "samplemvccore.csproj", "{FBC01D03-6B3D-4D46-B9E1-5612A33B0098}"
EndProject
Global
	GlobalSection(SolutionConfigurationPlatforms) = preSolution
		Debug|Any CPU = Debug|Any CPU
		Release|Any CPU = Release|Any CPU
	EndGlobalSection
	GlobalSection(ProjectConfigurationPlatforms) = postSolution
		{FBC01D03-6B3D-4D46-B9E1-5612A33B0098}.Debug|Any CPU.ActiveCfg = Debug|Any CPU
		{FBC01D03-6B3D-4D46-B9E1-5612A33B0098}.Debug|Any CPU.Build.0 = Debug|Any CPU
		{FBC01D03-6B3D-4D46-B9E1-5612A33B0098}.Release|Any CPU.ActiveCfg = Release|Any CPU
		{FBC01D03-6B3D-4D46-B9E1-5612A33B0098}.Release|Any CPU.Build.0 = Release|Any CPU
	EndGlobalSection
	GlobalSection(SolutionProperties) = preSolution
		HideSolutionNode = FALSE
	EndGlobalSection
	GlobalSection(ExtensibilityGlobals) = postSolution
		SolutionGuid = {FB38BD14-2859-4043-AB7C-98A31229C45F}
	EndGlobalSection
EndGlobal
